
Microsoft Visual Studio Solution File, Format Version 12.00
# Visual Studio Version 17
VisualStudioVersion = 17.0.32014.148
MinimumVisualStudioVersion = 10.0.40219.1
Project("{9A19103F-16F7-4668-BE54-9A1E7A4F7556}") = "Services", "Services\Services.csproj", "{F37F6642-3890-4815-A130-D8B9065630CB}"
EndProject
Project("{9A19103F-16F7-4668-BE54-9A1E7A4F7556}") = "Infrastructure", "Infrastructure\Infrastructure.csproj", "{F23EAE2B-05A4-4C18-BE88-1BA3B8A041E7}"
	ProjectSection(ProjectDependencies) = postProject
		{7B72E708-47A4-4522-A9EB-05A54004CA35} = {7B72E708-47A4-4522-A9EB-05A54004CA35}
	EndProjectSection
EndProject
Project("{9A19103F-16F7-4668-BE54-9A1E7A4F7556}") = "Models", "Models\Models.csproj", "{7B72E708-47A4-4522-A9EB-05A54004CA35}"
EndProject
Project("{9A19103F-16F7-4668-BE54-9A1E7A4F7556}") = "Presentation", "Presentation\Presentation.csproj", "{AE578B25-AE28-4628-BD6B-FAC6FE7BC89B}"
EndProject
Project("{9A19103F-16F7-4668-BE54-9A1E7A4F7556}") = "ServicesTests", "ServicesTests\ServicesTests.csproj", "{6716BE85-E732-49A3-8926-55902B28E21D}"
EndProject
Global
	GlobalSection(SolutionConfigurationPlatforms) = preSolution
		Debug|Any CPU = Debug|Any CPU
		Release|Any CPU = Release|Any CPU
	EndGlobalSection
	GlobalSection(ProjectConfigurationPlatforms) = postSolution
		{F37F6642-3890-4815-A130-D8B9065630CB}.Debug|Any CPU.ActiveCfg = Debug|Any CPU
		{F37F6642-3890-4815-A130-D8B9065630CB}.Debug|Any CPU.Build.0 = Debug|Any CPU
		{F37F6642-3890-4815-A130-D8B9065630CB}.Release|Any CPU.ActiveCfg = Release|Any CPU
		{F37F6642-3890-4815-A130-D8B9065630CB}.Release|Any CPU.Build.0 = Release|Any CPU
		{F23EAE2B-05A4-4C18-BE88-1BA3B8A041E7}.Debug|Any CPU.ActiveCfg = Debug|Any CPU
		{F23EAE2B-05A4-4C18-BE88-1BA3B8A041E7}.Debug|Any CPU.Build.0 = Debug|Any CPU
		{F23EAE2B-05A4-4C18-BE88-1BA3B8A041E7}.Release|Any CPU.ActiveCfg = Release|Any CPU
		{F23EAE2B-05A4-4C18-BE88-1BA3B8A041E7}.Release|Any CPU.Build.0 = Release|Any CPU
		{7B72E708-47A4-4522-A9EB-05A54004CA35}.Debug|Any CPU.ActiveCfg = Debug|Any CPU
		{7B72E708-47A4-4522-A9EB-05A54004CA35}.Debug|Any CPU.Build.0 = Debug|Any CPU
		{7B72E708-47A4-4522-A9EB-05A54004CA35}.Release|Any CPU.ActiveCfg = Release|Any CPU
		{7B72E708-47A4-4522-A9EB-05A54004CA35}.Release|Any CPU.Build.0 = Release|Any CPU
		{AE578B25-AE28-4628-BD6B-FAC6FE7BC89B}.Debug|Any CPU.ActiveCfg = Debug|Any CPU
		{AE578B25-AE28-4628-BD6B-FAC6FE7BC89B}.Debug|Any CPU.Build.0 = Debug|Any CPU
		{AE578B25-AE28-4628-BD6B-FAC6FE7BC89B}.Release|Any CPU.ActiveCfg = Release|Any CPU
		{AE578B25-AE28-4628-BD6B-FAC6FE7BC89B}.Release|Any CPU.Build.0 = Release|Any CPU
		{6716BE85-E732-49A3-8926-55902B28E21D}.Debug|Any CPU.ActiveCfg = Debug|Any CPU
		{6716BE85-E732-49A3-8926-55902B28E21D}.Debug|Any CPU.Build.0 = Debug|Any CPU
		{6716BE85-E732-49A3-8926-55902B28E21D}.Release|Any CPU.ActiveCfg = Release|Any CPU
		{6716BE85-E732-49A3-8926-55902B28E21D}.Release|Any CPU.Build.0 = Release|Any CPU
	EndGlobalSection
	GlobalSection(SolutionProperties) = preSolution
		HideSolutionNode = FALSE
	EndGlobalSection
	GlobalSection(ExtensibilityGlobals) = postSolution
		SolutionGuid = {EF1BF56E-7694-4F56-9266-06497AF53AD4}
	EndGlobalSection
EndGlobal
